
Microsoft Visual Studio Solution File, Format Version 12.00
# Visual Studio Version 17
VisualStudioVersion = 17.6.33815.320
MinimumVisualStudioVersion = 10.0.40219.1
Project("{9A19103F-16F7-4668-BE54-9A1E7A4F7556}") = "TransferBase", "TransferBase.csproj", "{EE586030-2D59-43B9-A744-A0013EA7FA1F}"
EndProject
Project("{9A19103F-16F7-4668-BE54-9A1E7A4F7556}") = "DataPreprocessing", "..\DataPreprocessing\DataPreprocessing.csproj", "{B0676A68-2E67-45B6-A58E-6D9AE8532FF0}"
EndProject
Project("{9A19103F-16F7-4668-BE54-9A1E7A4F7556}") = "PredictionModel", "..\PredictionTest\PredictionModel.csproj", "{BBB58F5A-73D2-4B4C-9479-6666BA75A88F}"
EndProject
Global
	GlobalSection(SolutionConfigurationPlatforms) = preSolution
		Debug|Any CPU = Debug|Any CPU
		Release|Any CPU = Release|Any CPU
	EndGlobalSection
	GlobalSection(ProjectConfigurationPlatforms) = postSolution
		{EE586030-2D59-43B9-A744-A0013EA7FA1F}.Debug|Any CPU.ActiveCfg = Debug|Any CPU
		{EE586030-2D59-43B9-A744-A0013EA7FA1F}.Debug|Any CPU.Build.0 = Debug|Any CPU
		{EE586030-2D59-43B9-A744-A0013EA7FA1F}.Release|Any CPU.ActiveCfg = Release|Any CPU
		{EE586030-2D59-43B9-A744-A0013EA7FA1F}.Release|Any CPU.Build.0 = Release|Any CPU
		{B0676A68-2E67-45B6-A58E-6D9AE8532FF0}.Debug|Any CPU.ActiveCfg = Debug|Any CPU
		{B0676A68-2E67-45B6-A58E-6D9AE8532FF0}.Debug|Any CPU.Build.0 = Debug|Any CPU
		{B0676A68-2E67-45B6-A58E-6D9AE8532FF0}.Release|Any CPU.ActiveCfg = Release|Any CPU
		{B0676A68-2E67-45B6-A58E-6D9AE8532FF0}.Release|Any CPU.Build.0 = Release|Any CPU
		{BBB58F5A-73D2-4B4C-9479-6666BA75A88F}.Debug|Any CPU.ActiveCfg = Debug|Any CPU
		{BBB58F5A-73D2-4B4C-9479-6666BA75A88F}.Debug|Any CPU.Build.0 = Debug|Any CPU
		{BBB58F5A-73D2-4B4C-9479-6666BA75A88F}.Release|Any CPU.ActiveCfg = Release|Any CPU
		{BBB58F5A-73D2-4B4C-9479-6666BA75A88F}.Release|Any CPU.Build.0 = Release|Any CPU
	EndGlobalSection
	GlobalSection(SolutionProperties) = preSolution
		HideSolutionNode = FALSE
	EndGlobalSection
	GlobalSection(ExtensibilityGlobals) = postSolution
		SolutionGuid = {A386D792-B9F8-42AA-8679-97491942ED2A}
	EndGlobalSection
EndGlobal
